Microsoft Visual Studio Solution File, Format Version 12.00
# Visual Studio Version 17
VisualStudioVersion = 17.5.2.0
MinimumVisualStudioVersion = 10.0.40219.1
Project("{FAE04EC0-301F-11D3-BF4B-00C04F79EFBC}") = "Pyramids", "Pyramids.csproj", "{C7BA92EF-6EB5-1791-8DD5-D6F08103AD01}"
EndProject
Global
	GlobalSection(SolutionConfigurationPlatforms) = preSolution
		Debug|Any CPU = Debug|Any CPU
		Release|Any CPU = Release|Any CPU
	EndGlobalSection
	GlobalSection(ProjectConfigurationPlatforms) = postSolution
		{C7BA92EF-6EB5-1791-8DD5-D6F08103AD01}.Debug|Any CPU.ActiveCfg = Debug|Any CPU
		{C7BA92EF-6EB5-1791-8DD5-D6F08103AD01}.Debug|Any CPU.Build.0 = Debug|Any CPU
		{C7BA92EF-6EB5-1791-8DD5-D6F08103AD01}.Release|Any CPU.ActiveCfg = Release|Any CPU
		{C7BA92EF-6EB5-1791-8DD5-D6F08103AD01}.Release|Any CPU.Build.0 = Release|Any CPU
	EndGlobalSection
	GlobalSection(SolutionProperties) = preSolution
		HideSolutionNode = FALSE
	EndGlobalSection
	GlobalSection(ExtensibilityGlobals) = postSolution
		SolutionGuid = {E49FCDFF-BFA6-4A37-8B28-371FA6D218DB}
	EndGlobalSection
EndGlobal
