Microsoft Visual Studio Solution File, Format Version 12.00
# Visual Studio Version 17
VisualStudioVersion = 17.5.2.0
MinimumVisualStudioVersion = 10.0.40219.1
Project("{FAE04EC0-301F-11D3-BF4B-00C04F79EFBC}") = "FilesIO", "FilesIO.csproj", "{96AD3ED8-5778-EBEA-AB94-BE9E94E64467}"
EndProject
Global
	GlobalSection(SolutionConfigurationPlatforms) = preSolution
		Debug|Any CPU = Debug|Any CPU
		Release|Any CPU = Release|Any CPU
	EndGlobalSection
	GlobalSection(ProjectConfigurationPlatforms) = postSolution
		{96AD3ED8-5778-EBEA-AB94-BE9E94E64467}.Debug|Any CPU.ActiveCfg = Debug|Any CPU
		{96AD3ED8-5778-EBEA-AB94-BE9E94E64467}.Debug|Any CPU.Build.0 = Debug|Any CPU
		{96AD3ED8-5778-EBEA-AB94-BE9E94E64467}.Release|Any CPU.ActiveCfg = Release|Any CPU
		{96AD3ED8-5778-EBEA-AB94-BE9E94E64467}.Release|Any CPU.Build.0 = Release|Any CPU
	EndGlobalSection
	GlobalSection(SolutionProperties) = preSolution
		HideSolutionNode = FALSE
	EndGlobalSection
	GlobalSection(ExtensibilityGlobals) = postSolution
		SolutionGuid = {A47D212D-2CD9-42B7-A7AF-D54DC74225C4}
	EndGlobalSection
EndGlobal
