Microsoft Visual Studio Solution File, Format Version 12.00
# Visual Studio Version 17
VisualStudioVersion = 17.5.2.0
MinimumVisualStudioVersion = 10.0.40219.1
Project("{FAE04EC0-301F-11D3-BF4B-00C04F79EFBC}") = "Variabelen", "Variabelen.csproj", "{CED20DB3-D267-E1E2-473D-54B4FB301A64}"
EndProject
Global
	GlobalSection(SolutionConfigurationPlatforms) = preSolution
		Debug|Any CPU = Debug|Any CPU
		Release|Any CPU = Release|Any CPU
	EndGlobalSection
	GlobalSection(ProjectConfigurationPlatforms) = postSolution
		{CED20DB3-D267-E1E2-473D-54B4FB301A64}.Debug|Any CPU.ActiveCfg = Debug|Any CPU
		{CED20DB3-D267-E1E2-473D-54B4FB301A64}.Debug|Any CPU.Build.0 = Debug|Any CPU
		{CED20DB3-D267-E1E2-473D-54B4FB301A64}.Release|Any CPU.ActiveCfg = Release|Any CPU
		{CED20DB3-D267-E1E2-473D-54B4FB301A64}.Release|Any CPU.Build.0 = Release|Any CPU
	EndGlobalSection
	GlobalSection(SolutionProperties) = preSolution
		HideSolutionNode = FALSE
	EndGlobalSection
	GlobalSection(ExtensibilityGlobals) = postSolution
		SolutionGuid = {D723168B-FC42-4517-B146-0167642F6E90}
	EndGlobalSection
EndGlobal
